
Microsoft Visual Studio Solution File, Format Version 12.00
# Visual Studio Version 17
VisualStudioVersion = 17.11.35312.102
MinimumVisualStudioVersion = 10.0.40219.1
Project("{2150E333-8FDC-42A3-9474-1A3956D46DE8}") = "Task0", "Task0", "{9405CA74-5E09-49FA-A082-85948A9CCFE3}"
EndProject
Project("{9A19103F-16F7-4668-BE54-9A1E7A4F7556}") = "Tyuiu.OvsepyanAA.Sprint2.Task0.V1", "Tyuiu.OvsepyanAA.Sprint2.Task0.V1\Tyuiu.OvsepyanAA.Sprint2.Task0.V1.csproj", "{F50C5DA9-C159-4C10-994C-FE62156502C8}"
EndProject
Project("{9A19103F-16F7-4668-BE54-9A1E7A4F7556}") = "Tyuiu.OvsepyanAA.Sprint2.Task0.V1.Lib", "Tyuiu.OvsepyanAA.Sprint2.Task0.V1.Lib\Tyuiu.OvsepyanAA.Sprint2.Task0.V1.Lib.csproj", "{C65E41D1-CB22-4F80-8DDF-D35EBAB4E64D}"
EndProject
Project("{9A19103F-16F7-4668-BE54-9A1E7A4F7556}") = "Tyuiu.OvsepyanAA.Sprint2.Task0.V1.Test", "Tyuiu.OvsepyanAA.Sprint2.Task0.V1.Test\Tyuiu.OvsepyanAA.Sprint2.Task0.V1.Test.csproj", "{64C47986-EA1B-4BE7-B6F9-2ABAE0E87946}"
EndProject
Project("{2150E333-8FDC-42A3-9474-1A3956D46DE8}") = "Task1", "Task1", "{24176343-B5B8-435D-BB83-183C8D98A96A}"
EndProject
Project("{9A19103F-16F7-4668-BE54-9A1E7A4F7556}") = "Tyuiu.OvsepyanAA.Sprint2.Task1.V10", "Tyuiu.OvsepyanAA.Sprint2.Task1.V10\Tyuiu.OvsepyanAA.Sprint2.Task1.V10.csproj", "{44472402-4D75-447D-AF2C-7B3480CB0DFF}"
EndProject
Project("{9A19103F-16F7-4668-BE54-9A1E7A4F7556}") = "Tyuiu.OvsepyanAA.Sprint2.Task1.V10.Lib", "Tyuiu.OvsepyanAA.Sprint2.Task1.V10.Lib\Tyuiu.OvsepyanAA.Sprint2.Task1.V10.Lib.csproj", "{24590D62-A17E-406D-B759-F2380DFD08DE}"
EndProject
Project("{9A19103F-16F7-4668-BE54-9A1E7A4F7556}") = "Tyuiu.OvsepyanAA.Sprint2.Task1.V10.Test", "Tyuiu.OvsepyanAA.Sprint2.Task1.V10.Test\Tyuiu.OvsepyanAA.Sprint2.Task1.V10.Test.csproj", "{6AA44354-3561-433E-BE8A-6DE7EB3CCEB2}"
EndProject
Project("{2150E333-8FDC-42A3-9474-1A3956D46DE8}") = "Task2", "Task2", "{70E18CFA-610F-4CCA-A1B9-D3DB37A49CBD}"
EndProject
Project("{9A19103F-16F7-4668-BE54-9A1E7A4F7556}") = "Tyuiu.OvsepyanAA.Sprint2.Task2.V28", "Tyuiu.OvsepyanAA.Sprint2.Task2.V28\Tyuiu.OvsepyanAA.Sprint2.Task2.V28.csproj", "{BE19F0A0-C7AD-406C-A984-461BF12C9EDF}"
EndProject
Project("{9A19103F-16F7-4668-BE54-9A1E7A4F7556}") = "Tyuiu.OvsepyanAA.Sprint2.Task2.V28.Lib", "Tyuiu.OvsepyanAA.Sprint2.Task2.V28.Lib\Tyuiu.OvsepyanAA.Sprint2.Task2.V28.Lib.csproj", "{BF7AB972-41AB-47BE-81D3-3362141B5727}"
EndProject
Project("{9A19103F-16F7-4668-BE54-9A1E7A4F7556}") = "Tyuiu.OvsepyanAA.Sprint2.Task2.V28.Test", "Tyuiu.OvsepyanAA.Sprint2.Task2.V28.Test\Tyuiu.OvsepyanAA.Sprint2.Task2.V28.Test.csproj", "{A5D76A53-3E66-42D6-A945-7D5BFFBFFB9A}"
EndProject
Project("{2150E333-8FDC-42A3-9474-1A3956D46DE8}") = "Task3", "Task3", "{82AF23BD-1326-4D59-99BE-C407A1E67E41}"
EndProject
Project("{9A19103F-16F7-4668-BE54-9A1E7A4F7556}") = "Tyuiu.OvsepyanAA.Sprint2.Task3.V21", "Tyuiu.OvsepyanAA.Sprint2.Task3.V21\Tyuiu.OvsepyanAA.Sprint2.Task3.V21.csproj", "{A0D02144-5C8E-4FD3-B60A-B16E70BEEC06}"
EndProject
Project("{9A19103F-16F7-4668-BE54-9A1E7A4F7556}") = "Tyuiu.OvsepyanAA.Sprint2.Task3.V21.Lib", "Tyuiu.OvsepyanAA.Sprint2.Task3.V21.Lib\Tyuiu.OvsepyanAA.Sprint2.Task3.V21.Lib.csproj", "{2E56AFAE-047F-4AA5-AD83-4CA75B08B5C7}"
EndProject
Project("{9A19103F-16F7-4668-BE54-9A1E7A4F7556}") = "Tyuiu.OvsepyanAA.Sprint2.Task3.V21.Test", "Tyuiu.OvsepyanAA.Sprint2.Task3.V21.Test\Tyuiu.OvsepyanAA.Sprint2.Task3.V21.Test.csproj", "{8B3D3BAB-7762-4FA6-8EA4-B50CB1577C65}"
EndProject
Project("{2150E333-8FDC-42A3-9474-1A3956D46DE8}") = "Task4", "Task4", "{F343D02E-D290-4687-B20D-53C9A5A87091}"
EndProject
Project("{9A19103F-16F7-4668-BE54-9A1E7A4F7556}") = "Tyuiu.OvsepyanAA.Sprint2.Task4.V6", "Tyuiu.OvsepyanAA.Sprint2.Task4.V6\Tyuiu.OvsepyanAA.Sprint2.Task4.V6.csproj", "{6E354FFB-4FC4-495A-BDCA-DFFC8BF4766E}"
EndProject
Project("{9A19103F-16F7-4668-BE54-9A1E7A4F7556}") = "Tyuiu.OvsepyanAA.Sprint2.Task4.V6.Lib", "Tyuiu.OvsepyanAA.Sprint2.Task4.V6.Lib\Tyuiu.OvsepyanAA.Sprint2.Task4.V6.Lib.csproj", "{E95949B9-D16D-4EEB-A289-88D90980563E}"
EndProject
Project("{9A19103F-16F7-4668-BE54-9A1E7A4F7556}") = "Tyuiu.OvsepyanAA.Sprint2.Task4.V6.Test", "Tyuiu.OvsepyanAA.Sprint2.Task4.V6.Test\Tyuiu.OvsepyanAA.Sprint2.Task4.V6.Test.csproj", "{648D9284-7EEE-417E-B8AC-368C42792A38}"
EndProject
Project("{2150E333-8FDC-42A3-9474-1A3956D46DE8}") = "Task5", "Task5", "{F4B98C59-5AE2-434D-B440-A0F5C8D05473}"
EndProject
Project("{FAE04EC0-301F-11D3-BF4B-00C04F79EFBC}") = "Tyuiu.OvsepyanAA.Sprint2.Task5.V7", "Tyuiu.OvsepyanAA.Sprint2.Task5.V7\Tyuiu.OvsepyanAA.Sprint2.Task5.V7.csproj", "{F5242A10-CB00-4E6A-9037-86FF1FD8FC0E}"
EndProject
Project("{FAE04EC0-301F-11D3-BF4B-00C04F79EFBC}") = "Tyuiu.OvsepyanAA.Sprint2.Task5.V7.Lib", "Tyuiu.OvsepyanAA.Sprint2.Task5.V7.Lib\Tyuiu.OvsepyanAA.Sprint2.Task5.V7.Lib.csproj", "{2143447C-AB18-4817-ACE8-37346FF12312}"
EndProject
Project("{FAE04EC0-301F-11D3-BF4B-00C04F79EFBC}") = "Tyuiu.OvsepyanAA.Sprint2.Task5.V7.Test", "Tyuiu.OvsepyanAA.Sprint2.Task5.V7.Test\Tyuiu.OvsepyanAA.Sprint2.Task5.V7.Test.csproj", "{6C340720-C709-443E-93A4-D7B56886EA42}"
EndProject
Global
	GlobalSection(SolutionConfigurationPlatforms) = preSolution
		Debug|Any CPU = Debug|Any CPU
		Release|Any CPU = Release|Any CPU
	EndGlobalSection
	GlobalSection(ProjectConfigurationPlatforms) = postSolution
		{F50C5DA9-C159-4C10-994C-FE62156502C8}.Debug|Any CPU.ActiveCfg = Debug|Any CPU
		{F50C5DA9-C159-4C10-994C-FE62156502C8}.Debug|Any CPU.Build.0 = Debug|Any CPU
		{F50C5DA9-C159-4C10-994C-FE62156502C8}.Release|Any CPU.ActiveCfg = Release|Any CPU
		{F50C5DA9-C159-4C10-994C-FE62156502C8}.Release|Any CPU.Build.0 = Release|Any CPU
		{C65E41D1-CB22-4F80-8DDF-D35EBAB4E64D}.Debug|Any CPU.ActiveCfg = Debug|Any CPU
		{C65E41D1-CB22-4F80-8DDF-D35EBAB4E64D}.Debug|Any CPU.Build.0 = Debug|Any CPU
		{C65E41D1-CB22-4F80-8DDF-D35EBAB4E64D}.Release|Any CPU.ActiveCfg = Release|Any CPU
		{C65E41D1-CB22-4F80-8DDF-D35EBAB4E64D}.Release|Any CPU.Build.0 = Release|Any CPU
		{64C47986-EA1B-4BE7-B6F9-2ABAE0E87946}.Debug|Any CPU.ActiveCfg = Debug|Any CPU
		{64C47986-EA1B-4BE7-B6F9-2ABAE0E87946}.Debug|Any CPU.Build.0 = Debug|Any CPU
		{64C47986-EA1B-4BE7-B6F9-2ABAE0E87946}.Release|Any CPU.ActiveCfg = Release|Any CPU
		{64C47986-EA1B-4BE7-B6F9-2ABAE0E87946}.Release|Any CPU.Build.0 = Release|Any CPU
		{44472402-4D75-447D-AF2C-7B3480CB0DFF}.Debug|Any CPU.ActiveCfg = Debug|Any CPU
		{44472402-4D75-447D-AF2C-7B3480CB0DFF}.Debug|Any CPU.Build.0 = Debug|Any CPU
		{44472402-4D75-447D-AF2C-7B3480CB0DFF}.Release|Any CPU.ActiveCfg = Release|Any CPU
		{44472402-4D75-447D-AF2C-7B3480CB0DFF}.Release|Any CPU.Build.0 = Release|Any CPU
		{24590D62-A17E-406D-B759-F2380DFD08DE}.Debug|Any CPU.ActiveCfg = Debug|Any CPU
		{24590D62-A17E-406D-B759-F2380DFD08DE}.Debug|Any CPU.Build.0 = Debug|Any CPU
		{24590D62-A17E-406D-B759-F2380DFD08DE}.Release|Any CPU.ActiveCfg = Release|Any CPU
		{24590D62-A17E-406D-B759-F2380DFD08DE}.Release|Any CPU.Build.0 = Release|Any CPU
		{6AA44354-3561-433E-BE8A-6DE7EB3CCEB2}.Debug|Any CPU.ActiveCfg = Debug|Any CPU
		{6AA44354-3561-433E-BE8A-6DE7EB3CCEB2}.Debug|Any CPU.Build.0 = Debug|Any CPU
		{6AA44354-3561-433E-BE8A-6DE7EB3CCEB2}.Release|Any CPU.ActiveCfg = Release|Any CPU
		{6AA44354-3561-433E-BE8A-6DE7EB3CCEB2}.Release|Any CPU.Build.0 = Release|Any CPU
		{BE19F0A0-C7AD-406C-A984-461BF12C9EDF}.Debug|Any CPU.ActiveCfg = Debug|Any CPU
		{BE19F0A0-C7AD-406C-A984-461BF12C9EDF}.Debug|Any CPU.Build.0 = Debug|Any CPU
		{BE19F0A0-C7AD-406C-A984-461BF12C9EDF}.Release|Any CPU.ActiveCfg = Release|Any CPU
		{BE19F0A0-C7AD-406C-A984-461BF12C9EDF}.Release|Any CPU.Build.0 = Release|Any CPU
		{BF7AB972-41AB-47BE-81D3-3362141B5727}.Debug|Any CPU.ActiveCfg = Debug|Any CPU
		{BF7AB972-41AB-47BE-81D3-3362141B5727}.Debug|Any CPU.Build.0 = Debug|Any CPU
		{BF7AB972-41AB-47BE-81D3-3362141B5727}.Release|Any CPU.ActiveCfg = Release|Any CPU
		{BF7AB972-41AB-47BE-81D3-3362141B5727}.Release|Any CPU.Build.0 = Release|Any CPU
		{A5D76A53-3E66-42D6-A945-7D5BFFBFFB9A}.Debug|Any CPU.ActiveCfg = Debug|Any CPU
		{A5D76A53-3E66-42D6-A945-7D5BFFBFFB9A}.Debug|Any CPU.Build.0 = Debug|Any CPU
		{A5D76A53-3E66-42D6-A945-7D5BFFBFFB9A}.Release|Any CPU.ActiveCfg = Release|Any CPU
		{A5D76A53-3E66-42D6-A945-7D5BFFBFFB9A}.Release|Any CPU.Build.0 = Release|Any CPU
		{A0D02144-5C8E-4FD3-B60A-B16E70BEEC06}.Debug|Any CPU.ActiveCfg = Debug|Any CPU
		{A0D02144-5C8E-4FD3-B60A-B16E70BEEC06}.Debug|Any CPU.Build.0 = Debug|Any CPU
		{A0D02144-5C8E-4FD3-B60A-B16E70BEEC06}.Release|Any CPU.ActiveCfg = Release|Any CPU
		{A0D02144-5C8E-4FD3-B60A-B16E70BEEC06}.Release|Any CPU.Build.0 = Release|Any CPU
		{2E56AFAE-047F-4AA5-AD83-4CA75B08B5C7}.Debug|Any CPU.ActiveCfg = Debug|Any CPU
		{2E56AFAE-047F-4AA5-AD83-4CA75B08B5C7}.Debug|Any CPU.Build.0 = Debug|Any CPU
		{2E56AFAE-047F-4AA5-AD83-4CA75B08B5C7}.Release|Any CPU.ActiveCfg = Release|Any CPU
		{2E56AFAE-047F-4AA5-AD83-4CA75B08B5C7}.Release|Any CPU.Build.0 = Release|Any CPU
		{8B3D3BAB-7762-4FA6-8EA4-B50CB1577C65}.Debug|Any CPU.ActiveCfg = Debug|Any CPU
		{8B3D3BAB-7762-4FA6-8EA4-B50CB1577C65}.Debug|Any CPU.Build.0 = Debug|Any CPU
		{8B3D3BAB-7762-4FA6-8EA4-B50CB1577C65}.Release|Any CPU.ActiveCfg = Release|Any CPU
		{8B3D3BAB-7762-4FA6-8EA4-B50CB1577C65}.Release|Any CPU.Build.0 = Release|Any CPU
		{6E354FFB-4FC4-495A-BDCA-DFFC8BF4766E}.Debug|Any CPU.ActiveCfg = Debug|Any CPU
		{6E354FFB-4FC4-495A-BDCA-DFFC8BF4766E}.Debug|Any CPU.Build.0 = Debug|Any CPU
		{6E354FFB-4FC4-495A-BDCA-DFFC8BF4766E}.Release|Any CPU.ActiveCfg = Release|Any CPU
		{6E354FFB-4FC4-495A-BDCA-DFFC8BF4766E}.Release|Any CPU.Build.0 = Release|Any CPU
		{E95949B9-D16D-4EEB-A289-88D90980563E}.Debug|Any CPU.ActiveCfg = Debug|Any CPU
		{E95949B9-D16D-4EEB-A289-88D90980563E}.Debug|Any CPU.Build.0 = Debug|Any CPU
		{E95949B9-D16D-4EEB-A289-88D90980563E}.Release|Any CPU.ActiveCfg = Release|Any CPU
		{E95949B9-D16D-4EEB-A289-88D90980563E}.Release|Any CPU.Build.0 = Release|Any CPU
		{648D9284-7EEE-417E-B8AC-368C42792A38}.Debug|Any CPU.ActiveCfg = Debug|Any CPU
		{648D9284-7EEE-417E-B8AC-368C42792A38}.Debug|Any CPU.Build.0 = Debug|Any CPU
		{648D9284-7EEE-417E-B8AC-368C42792A38}.Release|Any CPU.ActiveCfg = Release|Any CPU
		{648D9284-7EEE-417E-B8AC-368C42792A38}.Release|Any CPU.Build.0 = Release|Any CPU
		{F5242A10-CB00-4E6A-9037-86FF1FD8FC0E}.Debug|Any CPU.ActiveCfg = Debug|Any CPU
		{F5242A10-CB00-4E6A-9037-86FF1FD8FC0E}.Debug|Any CPU.Build.0 = Debug|Any CPU
		{F5242A10-CB00-4E6A-9037-86FF1FD8FC0E}.Release|Any CPU.ActiveCfg = Release|Any CPU
		{F5242A10-CB00-4E6A-9037-86FF1FD8FC0E}.Release|Any CPU.Build.0 = Release|Any CPU
		{2143447C-AB18-4817-ACE8-37346FF12312}.Debug|Any CPU.ActiveCfg = Debug|Any CPU
		{2143447C-AB18-4817-ACE8-37346FF12312}.Debug|Any CPU.Build.0 = Debug|Any CPU
		{2143447C-AB18-4817-ACE8-37346FF12312}.Release|Any CPU.ActiveCfg = Release|Any CPU
		{2143447C-AB18-4817-ACE8-37346FF12312}.Release|Any CPU.Build.0 = Release|Any CPU
		{6C340720-C709-443E-93A4-D7B56886EA42}.Debug|Any CPU.ActiveCfg = Debug|Any CPU
		{6C340720-C709-443E-93A4-D7B56886EA42}.Debug|Any CPU.Build.0 = Debug|Any CPU
		{6C340720-C709-443E-93A4-D7B56886EA42}.Release|Any CPU.ActiveCfg = Release|Any CPU
		{6C340720-C709-443E-93A4-D7B56886EA42}.Release|Any CPU.Build.0 = Release|Any CPU
	EndGlobalSection
	GlobalSection(SolutionProperties) = preSolution
		HideSolutionNode = FALSE
	EndGlobalSection
	GlobalSection(NestedProjects) = preSolution
		{F50C5DA9-C159-4C10-994C-FE62156502C8} = {9405CA74-5E09-49FA-A082-85948A9CCFE3}
		{C65E41D1-CB22-4F80-8DDF-D35EBAB4E64D} = {9405CA74-5E09-49FA-A082-85948A9CCFE3}
		{64C47986-EA1B-4BE7-B6F9-2ABAE0E87946} = {9405CA74-5E09-49FA-A082-85948A9CCFE3}
		{44472402-4D75-447D-AF2C-7B3480CB0DFF} = {24176343-B5B8-435D-BB83-183C8D98A96A}
		{24590D62-A17E-406D-B759-F2380DFD08DE} = {24176343-B5B8-435D-BB83-183C8D98A96A}
		{6AA44354-3561-433E-BE8A-6DE7EB3CCEB2} = {24176343-B5B8-435D-BB83-183C8D98A96A}
		{BE19F0A0-C7AD-406C-A984-461BF12C9EDF} = {70E18CFA-610F-4CCA-A1B9-D3DB37A49CBD}
		{BF7AB972-41AB-47BE-81D3-3362141B5727} = {70E18CFA-610F-4CCA-A1B9-D3DB37A49CBD}
		{A5D76A53-3E66-42D6-A945-7D5BFFBFFB9A} = {70E18CFA-610F-4CCA-A1B9-D3DB37A49CBD}
		{A0D02144-5C8E-4FD3-B60A-B16E70BEEC06} = {82AF23BD-1326-4D59-99BE-C407A1E67E41}
		{2E56AFAE-047F-4AA5-AD83-4CA75B08B5C7} = {82AF23BD-1326-4D59-99BE-C407A1E67E41}
		{8B3D3BAB-7762-4FA6-8EA4-B50CB1577C65} = {82AF23BD-1326-4D59-99BE-C407A1E67E41}
		{6E354FFB-4FC4-495A-BDCA-DFFC8BF4766E} = {F343D02E-D290-4687-B20D-53C9A5A87091}
		{E95949B9-D16D-4EEB-A289-88D90980563E} = {F343D02E-D290-4687-B20D-53C9A5A87091}
		{648D9284-7EEE-417E-B8AC-368C42792A38} = {F343D02E-D290-4687-B20D-53C9A5A87091}
		{F5242A10-CB00-4E6A-9037-86FF1FD8FC0E} = {F4B98C59-5AE2-434D-B440-A0F5C8D05473}
		{2143447C-AB18-4817-ACE8-37346FF12312} = {F4B98C59-5AE2-434D-B440-A0F5C8D05473}
		{6C340720-C709-443E-93A4-D7B56886EA42} = {F4B98C59-5AE2-434D-B440-A0F5C8D05473}
	EndGlobalSection
	GlobalSection(ExtensibilityGlobals) = postSolution
		SolutionGuid = {3EACFD40-86ED-4749-9DE1-D5315EB0F650}
	EndGlobalSection
EndGlobal
